
Microsoft Visual Studio Solution File, Format Version 12.00
# Visual Studio Version 17
VisualStudioVersion = 17.0.32112.339
MinimumVisualStudioVersion = 10.0.40219.1
Project("{2150E333-8FDC-42A3-9474-1A3956D46DE8}") = "Shop", "Shop", "{4F1195F5-E9BB-469D-9DE7-3B3249729B13}"
EndProject
Project("{9A19103F-16F7-4668-BE54-9A1E7A4F7556}") = "Shop.Domain", "Shop\Shop.Domain\Shop.Domain.csproj", "{5DCC544B-FC8B-40BE-9749-0C0DF58632ED}"
EndProject
Project("{9A19103F-16F7-4668-BE54-9A1E7A4F7556}") = "Shop.Application", "Shop\Shop.Application\Shop.Application.csproj", "{6E5D8F7D-E0E7-4C68-AD3F-ED0BD6CDA4AF}"
EndProject
Project("{9A19103F-16F7-4668-BE54-9A1E7A4F7556}") = "Shop.Infrastructure", "Shop\Shop.Infrastructure\Shop.Infrastructure.csproj", "{B84F369D-1A1E-444F-B124-9B58070DCD93}"
EndProject
Project("{9A19103F-16F7-4668-BE54-9A1E7A4F7556}") = "Shop.Query", "Shop\Shop.Query\Shop.Query.csproj", "{125D8FC0-2650-4E45-8F6D-6EB9FB9FF46F}"
EndProject
Project("{9A19103F-16F7-4668-BE54-9A1E7A4F7556}") = "Shop.Presentation.Facade", "Shop\Shop.Presentation.Facade\Shop.Presentation.Facade.csproj", "{92FFBC90-CCB7-42CD-B296-39346825E07D}"
EndProject
Project("{2150E333-8FDC-42A3-9474-1A3956D46DE8}") = "Common", "Common", "{49310E17-C935-4A59-86BC-3E42951B4843}"
EndProject
Project("{9A19103F-16F7-4668-BE54-9A1E7A4F7556}") = "Common.Domain", "Common\Common.Domain\Common.Domain.csproj", "{44C780A3-0903-41E6-9DFE-5E0B4343ECAA}"
EndProject
Project("{9A19103F-16F7-4668-BE54-9A1E7A4F7556}") = "Common.Application", "Common\Common.Application\Common.Application.csproj", "{A07E4A0D-7FF5-468C-B5F7-4F89AD5D1E37}"
EndProject
Project("{9A19103F-16F7-4668-BE54-9A1E7A4F7556}") = "Common.Query", "Common\Common.Query\Common.Query.csproj", "{C384F14D-1C35-496B-A1D2-48539201E180}"
EndProject
Project("{2150E333-8FDC-42A3-9474-1A3956D46DE8}") = "EndPoints", "EndPoints", "{7D430A83-AEA4-401E-880E-E952C6E5A855}"
EndProject
Project("{FAE04EC0-301F-11D3-BF4B-00C04F79EFBC}") = "Shop.Api", "Shop\Shop.Api\Shop.Api.csproj", "{FF611F03-6E0C-44B5-8B48-1CDCBA3B8E6B}"
EndProject
Project("{FAE04EC0-301F-11D3-BF4B-00C04F79EFBC}") = "Shop.Config", "Shop\Shop.Config\Shop.Config.csproj", "{83358BFE-98EF-4789-9549-E12720BD218E}"
EndProject
Global
	GlobalSection(SolutionConfigurationPlatforms) = preSolution
		Debug|Any CPU = Debug|Any CPU
		Release|Any CPU = Release|Any CPU
	EndGlobalSection
	GlobalSection(ProjectConfigurationPlatforms) = postSolution
		{5DCC544B-FC8B-40BE-9749-0C0DF58632ED}.Debug|Any CPU.ActiveCfg = Debug|Any CPU
		{5DCC544B-FC8B-40BE-9749-0C0DF58632ED}.Debug|Any CPU.Build.0 = Debug|Any CPU
		{5DCC544B-FC8B-40BE-9749-0C0DF58632ED}.Release|Any CPU.ActiveCfg = Release|Any CPU
		{5DCC544B-FC8B-40BE-9749-0C0DF58632ED}.Release|Any CPU.Build.0 = Release|Any CPU
		{6E5D8F7D-E0E7-4C68-AD3F-ED0BD6CDA4AF}.Debug|Any CPU.ActiveCfg = Debug|Any CPU
		{6E5D8F7D-E0E7-4C68-AD3F-ED0BD6CDA4AF}.Debug|Any CPU.Build.0 = Debug|Any CPU
		{6E5D8F7D-E0E7-4C68-AD3F-ED0BD6CDA4AF}.Release|Any CPU.ActiveCfg = Release|Any CPU
		{6E5D8F7D-E0E7-4C68-AD3F-ED0BD6CDA4AF}.Release|Any CPU.Build.0 = Release|Any CPU
		{B84F369D-1A1E-444F-B124-9B58070DCD93}.Debug|Any CPU.ActiveCfg = Debug|Any CPU
		{B84F369D-1A1E-444F-B124-9B58070DCD93}.Debug|Any CPU.Build.0 = Debug|Any CPU
		{B84F369D-1A1E-444F-B124-9B58070DCD93}.Release|Any CPU.ActiveCfg = Release|Any CPU
		{B84F369D-1A1E-444F-B124-9B58070DCD93}.Release|Any CPU.Build.0 = Release|Any CPU
		{125D8FC0-2650-4E45-8F6D-6EB9FB9FF46F}.Debug|Any CPU.ActiveCfg = Debug|Any CPU
		{125D8FC0-2650-4E45-8F6D-6EB9FB9FF46F}.Debug|Any CPU.Build.0 = Debug|Any CPU
		{125D8FC0-2650-4E45-8F6D-6EB9FB9FF46F}.Release|Any CPU.ActiveCfg = Release|Any CPU
		{125D8FC0-2650-4E45-8F6D-6EB9FB9FF46F}.Release|Any CPU.Build.0 = Release|Any CPU
		{92FFBC90-CCB7-42CD-B296-39346825E07D}.Debug|Any CPU.ActiveCfg = Debug|Any CPU
		{92FFBC90-CCB7-42CD-B296-39346825E07D}.Debug|Any CPU.Build.0 = Debug|Any CPU
		{92FFBC90-CCB7-42CD-B296-39346825E07D}.Release|Any CPU.ActiveCfg = Release|Any CPU
		{92FFBC90-CCB7-42CD-B296-39346825E07D}.Release|Any CPU.Build.0 = Release|Any CPU
		{44C780A3-0903-41E6-9DFE-5E0B4343ECAA}.Debug|Any CPU.ActiveCfg = Debug|Any CPU
		{44C780A3-0903-41E6-9DFE-5E0B4343ECAA}.Debug|Any CPU.Build.0 = Debug|Any CPU
		{44C780A3-0903-41E6-9DFE-5E0B4343ECAA}.Release|Any CPU.ActiveCfg = Release|Any CPU
		{44C780A3-0903-41E6-9DFE-5E0B4343ECAA}.Release|Any CPU.Build.0 = Release|Any CPU
		{A07E4A0D-7FF5-468C-B5F7-4F89AD5D1E37}.Debug|Any CPU.ActiveCfg = Debug|Any CPU
		{A07E4A0D-7FF5-468C-B5F7-4F89AD5D1E37}.Debug|Any CPU.Build.0 = Debug|Any CPU
		{A07E4A0D-7FF5-468C-B5F7-4F89AD5D1E37}.Release|Any CPU.ActiveCfg = Release|Any CPU
		{A07E4A0D-7FF5-468C-B5F7-4F89AD5D1E37}.Release|Any CPU.Build.0 = Release|Any CPU
		{C384F14D-1C35-496B-A1D2-48539201E180}.Debug|Any CPU.ActiveCfg = Debug|Any CPU
		{C384F14D-1C35-496B-A1D2-48539201E180}.Debug|Any CPU.Build.0 = Debug|Any CPU
		{C384F14D-1C35-496B-A1D2-48539201E180}.Release|Any CPU.ActiveCfg = Release|Any CPU
		{C384F14D-1C35-496B-A1D2-48539201E180}.Release|Any CPU.Build.0 = Release|Any CPU
		{FF611F03-6E0C-44B5-8B48-1CDCBA3B8E6B}.Debug|Any CPU.ActiveCfg = Debug|Any CPU
		{FF611F03-6E0C-44B5-8B48-1CDCBA3B8E6B}.Debug|Any CPU.Build.0 = Debug|Any CPU
		{FF611F03-6E0C-44B5-8B48-1CDCBA3B8E6B}.Release|Any CPU.ActiveCfg = Release|Any CPU
		{FF611F03-6E0C-44B5-8B48-1CDCBA3B8E6B}.Release|Any CPU.Build.0 = Release|Any CPU
		{83358BFE-98EF-4789-9549-E12720BD218E}.Debug|Any CPU.ActiveCfg = Debug|Any CPU
		{83358BFE-98EF-4789-9549-E12720BD218E}.Debug|Any CPU.Build.0 = Debug|Any CPU
		{83358BFE-98EF-4789-9549-E12720BD218E}.Release|Any CPU.ActiveCfg = Release|Any CPU
		{83358BFE-98EF-4789-9549-E12720BD218E}.Release|Any CPU.Build.0 = Release|Any CPU
	EndGlobalSection
	GlobalSection(SolutionProperties) = preSolution
		HideSolutionNode = FALSE
	EndGlobalSection
	GlobalSection(NestedProjects) = preSolution
		{5DCC544B-FC8B-40BE-9749-0C0DF58632ED} = {4F1195F5-E9BB-469D-9DE7-3B3249729B13}
		{6E5D8F7D-E0E7-4C68-AD3F-ED0BD6CDA4AF} = {4F1195F5-E9BB-469D-9DE7-3B3249729B13}
		{B84F369D-1A1E-444F-B124-9B58070DCD93} = {4F1195F5-E9BB-469D-9DE7-3B3249729B13}
		{125D8FC0-2650-4E45-8F6D-6EB9FB9FF46F} = {4F1195F5-E9BB-469D-9DE7-3B3249729B13}
		{92FFBC90-CCB7-42CD-B296-39346825E07D} = {4F1195F5-E9BB-469D-9DE7-3B3249729B13}
		{44C780A3-0903-41E6-9DFE-5E0B4343ECAA} = {49310E17-C935-4A59-86BC-3E42951B4843}
		{A07E4A0D-7FF5-468C-B5F7-4F89AD5D1E37} = {49310E17-C935-4A59-86BC-3E42951B4843}
		{C384F14D-1C35-496B-A1D2-48539201E180} = {49310E17-C935-4A59-86BC-3E42951B4843}
		{7D430A83-AEA4-401E-880E-E952C6E5A855} = {4F1195F5-E9BB-469D-9DE7-3B3249729B13}
		{FF611F03-6E0C-44B5-8B48-1CDCBA3B8E6B} = {7D430A83-AEA4-401E-880E-E952C6E5A855}
		{83358BFE-98EF-4789-9549-E12720BD218E} = {4F1195F5-E9BB-469D-9DE7-3B3249729B13}
	EndGlobalSection
	GlobalSection(ExtensibilityGlobals) = postSolution
		SolutionGuid = {CECE38C3-1420-41DC-83EC-AF0EA47980C9}
	EndGlobalSection
EndGlobal
